
Microsoft Visual Studio Solution File, Format Version 12.00
# Visual Studio 15
Project("{FAE04EC0-301F-11D3-BF4B-00C04F79EFBC}") = "Assembly-CSharp", "Assembly-CSharp.csproj", "{BD70DFF8-458B-36CE-1683-CBF262D0FA20}"
EndProject
Project("{FAE04EC0-301F-11D3-BF4B-00C04F79EFBC}") = "Unity.XR.Interaction.Toolkit.Samples.DeviceSimulator", "Unity.XR.Interaction.Toolkit.Samples.DeviceSimulator.csproj", "{464AA995-1696-B7BD-3782-7794A2A003E1}"
EndProject
Global
	GlobalSection(SolutionConfigurationPlatforms) = preSolution
		Debug|Any CPU = Debug|Any CPU
		Release|Any CPU = Release|Any CPU
	EndGlobalSection
	GlobalSection(ProjectConfigurationPlatforms) = postSolution
		{BD70DFF8-458B-36CE-1683-CBF262D0FA20}.Debug|Any CPU.ActiveCfg = Debug|Any CPU
		{BD70DFF8-458B-36CE-1683-CBF262D0FA20}.Debug|Any CPU.Build.0 = Debug|Any CPU
		{BD70DFF8-458B-36CE-1683-CBF262D0FA20}.Release|Any CPU.ActiveCfg = Release|Any CPU
		{BD70DFF8-458B-36CE-1683-CBF262D0FA20}.Release|Any CPU.Build.0 = Release|Any CPU
		{464AA995-1696-B7BD-3782-7794A2A003E1}.Debug|Any CPU.ActiveCfg = Debug|Any CPU
		{464AA995-1696-B7BD-3782-7794A2A003E1}.Debug|Any CPU.Build.0 = Debug|Any CPU
		{464AA995-1696-B7BD-3782-7794A2A003E1}.Release|Any CPU.ActiveCfg = Release|Any CPU
		{464AA995-1696-B7BD-3782-7794A2A003E1}.Release|Any CPU.Build.0 = Release|Any CPU
	EndGlobalSection
	GlobalSection(SolutionProperties) = preSolution
		HideSolutionNode = FALSE
	EndGlobalSection
EndGlobal
